// !$*UTF8*$!
{
	archiveVersion = 1;
	classes = {
	};
	objectVersion = 50;
	objects = {

/* Begin PBXBuildFile section */
		9F90B9E0224A848300E1BD9E /* UIConstants.swift in Sources */ = {isa = PBXBuildFile; fileRef = 9F90B9BF224A848300E1BD9E /* UIConstants.swift */; };
		9F90B9E1224A848300E1BD9E /* extensionClass.swift in Sources */ = {isa = PBXBuildFile; fileRef = 9F90B9C0224A848300E1BD9E /* extensionClass.swift */; };
		9F90B9E2224A848300E1BD9E /* Utils.swift in Sources */ = {isa = PBXBuildFile; fileRef = 9F90B9C1224A848300E1BD9E /* Utils.swift */; };
		9F90B9E3224A848300E1BD9E /* SDWebImageManager.m in Sources */ = {isa = PBXBuildFile; fileRef = 9F90B9C5224A848300E1BD9E /* SDWebImageManager.m */; };
		9F90B9E4224A848300E1BD9E /* SDWebImageDecoder.m in Sources */ = {isa = PBXBuildFile; fileRef = 9F90B9C6224A848300E1BD9E /* SDWebImageDecoder.m */; };
		9F90B9E5224A848400E1BD9E /* UIImageView+HighlightedWebCache.m in Sources */ = {isa = PBXBuildFile; fileRef = 9F90B9C8224A848300E1BD9E /* UIImageView+HighlightedWebCache.m */; };
		9F90B9E6224A848400E1BD9E /* SDWebImageDownloader.m in Sources */ = {isa = PBXBuildFile; fileRef = 9F90B9CA224A848300E1BD9E /* SDWebImageDownloader.m */; };
		9F90B9E7224A848400E1BD9E /* UIImage+GIF.m in Sources */ = {isa = PBXBuildFile; fileRef = 9F90B9CB224A848300E1BD9E /* UIImage+GIF.m */; };
		9F90B9E8224A848400E1BD9E /* UIImage+MultiFormat.m in Sources */ = {isa = PBXBuildFile; fileRef = 9F90B9CD224A848300E1BD9E /* UIImage+MultiFormat.m */; };
		9F90B9E9224A848400E1BD9E /* SDWebImageCompat.m in Sources */ = {isa = PBXBuildFile; fileRef = 9F90B9CE224A848300E1BD9E /* SDWebImageCompat.m */; };
		9F90B9EA224A848400E1BD9E /* SDWebImagePrefetcher.m in Sources */ = {isa = PBXBuildFile; fileRef = 9F90B9CF224A848300E1BD9E /* SDWebImagePrefetcher.m */; };
		9F90B9EB224A848400E1BD9E /* SDImageCache.m in Sources */ = {isa = PBXBuildFile; fileRef = 9F90B9D1224A848300E1BD9E /* SDImageCache.m */; };
		9F90B9EC224A848400E1BD9E /* SDWebImageDownloaderOperation.m in Sources */ = {isa = PBXBuildFile; fileRef = 9F90B9D3224A848300E1BD9E /* SDWebImageDownloaderOperation.m */; };
		9F90B9ED224A848400E1BD9E /* NSData+ImageContentType.m in Sources */ = {isa = PBXBuildFile; fileRef = 9F90B9D6224A848300E1BD9E /* NSData+ImageContentType.m */; };
		9F90B9EE224A848400E1BD9E /* UIImageView+WebCache.m in Sources */ = {isa = PBXBuildFile; fileRef = 9F90B9D7224A848300E1BD9E /* UIImageView+WebCache.m */; };
		9F90B9EF224A848400E1BD9E /* UIView+WebCacheOperation.m in Sources */ = {isa = PBXBuildFile; fileRef = 9F90B9DA224A848300E1BD9E /* UIView+WebCacheOperation.m */; };
		9F90B9F0224A848400E1BD9E /* UIButton+WebCache.m in Sources */ = {isa = PBXBuildFile; fileRef = 9F90B9DE224A848300E1BD9E /* UIButton+WebCache.m */; };
		9F90B9F3224A84CF00E1BD9E /* Media.xcassets in Resources */ = {isa = PBXBuildFile; fileRef = 9F90B9F2224A84CF00E1BD9E /* Media.xcassets */; };
		9FE4D44C2249EC94002FAD92 /* AppDelegate.swift in Sources */ = {isa = PBXBuildFile; fileRef = 9FE4D44B2249EC94002FAD92 /* AppDelegate.swift */; };
		9FE4D44E2249EC94002FAD92 /* ViewController.swift in Sources */ = {isa = PBXBuildFile; fileRef = 9FE4D44D2249EC94002FAD92 /* ViewController.swift */; };
		9FE4D4512249EC94002FAD92 /* Main.storyboard in Resources */ = {isa = PBXBuildFile; fileRef = 9FE4D44F2249EC94002FAD92 /* Main.storyboard */; };
		9FE4D4542249EC94002FAD92 /* test.xcdatamodeld in Sources */ = {isa = PBXBuildFile; fileRef = 9FE4D4522249EC94002FAD92 /* test.xcdatamodeld */; };
		9FE4D4562249EC9A002FAD92 /* Assets.xcassets in Resources */ = {isa = PBXBuildFile; fileRef = 9FE4D4552249EC9A002FAD92 /* Assets.xcassets */; };
		9FE4D4592249EC9A002FAD92 /* LaunchScreen.storyboard in Resources */ = {isa = PBXBuildFile; fileRef = 9FE4D4572249EC9A002FAD92 /* LaunchScreen.storyboard */; };
		9FE4D4642249EC9A002FAD92 /* testTests.swift in Sources */ = {isa = PBXBuildFile; fileRef = 9FE4D4632249EC9A002FAD92 /* testTests.swift */; };
		9FE4D46F2249EC9A002FAD92 /* testUITests.swift in Sources */ = {isa = PBXBuildFile; fileRef = 9FE4D46E2249EC9A002FAD92 /* testUITests.swift */; };
/* End PBXBuildFile section */

/* Begin PBXContainerItemProxy section */
		9FE4D4602249EC9A002FAD92 /* PBXContainerItemProxy */ = {
			isa = PBXContainerItemProxy;
			containerPortal = 9FE4D4402249EC94002FAD92 /* Project object */;
			proxyType = 1;
			remoteGlobalIDString = 9FE4D4472249EC94002FAD92;
			remoteInfo = test;
		};
		9FE4D46B2249EC9A002FAD92 /* PBXContainerItemProxy */ = {
			isa = PBXContainerItemProxy;
			containerPortal = 9FE4D4402249EC94002FAD92 /* Project object */;
			proxyType = 1;
			remoteGlobalIDString = 9FE4D4472249EC94002FAD92;
			remoteInfo = test;
		};
/* End PBXContainerItemProxy section */

/* Begin PBXFileReference section */
		9F90B9BF224A848300E1BD9E /* UIConstants.swift */ = {isa = PBXFileReference; fileEncoding = 4; lastKnownFileType = sourcecode.swift; path = UIConstants.swift; sourceTree = "<group>"; };
		9F90B9C0224A848300E1BD9E /* extensionClass.swift */ = {isa = PBXFileReference; fileEncoding = 4; lastKnownFileType = sourcecode.swift; path = extensionClass.swift; sourceTree = "<group>"; };
		9F90B9C1224A848300E1BD9E /* Utils.swift */ = {isa = PBXFileReference; fileEncoding = 4; lastKnownFileType = sourcecode.swift; path = Utils.swift; sourceTree = "<group>"; };
		9F90B9C3224A848300E1BD9E /* UIImageView+WebCache.h */ = {isa = PBXFileReference; fileEncoding = 4; lastKnownFileType = sourcecode.c.h; path = "UIImageView+WebCache.h"; sourceTree = "<group>"; };
		9F90B9C4224A848300E1BD9E /* NSData+ImageContentType.h */ = {isa = PBXFileReference; fileEncoding = 4; lastKnownFileType = sourcecode.c.h; path = "NSData+ImageContentType.h"; sourceTree = "<group>"; };
		9F90B9C5224A848300E1BD9E /* SDWebImageManager.m */ = {isa = PBXFileReference; fileEncoding = 4; lastKnownFileType = sourcecode.c.objc; path = SDWebImageManager.m; sourceTree = "<group>"; };
		9F90B9C6224A848300E1BD9E /* SDWebImageDecoder.m */ = {isa = PBXFileReference; fileEncoding = 4; lastKnownFileType = sourcecode.c.objc; path = SDWebImageDecoder.m; sourceTree = "<group>"; };
		9F90B9C7224A848300E1BD9E /* SDWebImageDownloaderOperation.h */ = {isa = PBXFileReference; fileEncoding = 4; lastKnownFileType = sourcecode.c.h; path = SDWebImageDownloaderOperation.h; sourceTree = "<group>"; };
		9F90B9C8224A848300E1BD9E /* UIImageView+HighlightedWebCache.m */ = {isa = PBXFileReference; fileEncoding = 4; lastKnownFileType = sourcecode.c.objc; path = "UIImageView+HighlightedWebCache.m"; sourceTree = "<group>"; };
		9F90B9C9224A848300E1BD9E /* SDImageCache.h */ = {isa = PBXFileReference; fileEncoding = 4; lastKnownFileType = sourcecode.c.h; path = SDImageCache.h; sourceTree = "<group>"; };
		9F90B9CA224A848300E1BD9E /* SDWebImageDownloader.m */ = {isa = PBXFileReference; fileEncoding = 4; lastKnownFileType = sourcecode.c.objc; path = SDWebImageDownloader.m; sourceTree = "<group>"; };
		9F90B9CB224A848300E1BD9E /* UIImage+GIF.m */ = {isa = PBXFileReference; fileEncoding = 4; lastKnownFileType = sourcecode.c.objc; path = "UIImage+GIF.m"; sourceTree = "<group>"; };
		9F90B9CC224A848300E1BD9E /* UIButton+WebCache.h */ = {isa = PBXFileReference; fileEncoding = 4; lastKnownFileType = sourcecode.c.h; path = "UIButton+WebCache.h"; sourceTree = "<group>"; };
		9F90B9CD224A848300E1BD9E /* UIImage+MultiFormat.m */ = {isa = PBXFileReference; fileEncoding = 4; lastKnownFileType = sourcecode.c.objc; path = "UIImage+MultiFormat.m"; sourceTree = "<group>"; };
		9F90B9CE224A848300E1BD9E /* SDWebImageCompat.m */ = {isa = PBXFileReference; fileEncoding = 4; lastKnownFileType = sourcecode.c.objc; path = SDWebImageCompat.m; sourceTree = "<group>"; };
		9F90B9CF224A848300E1BD9E /* SDWebImagePrefetcher.m */ = {isa = PBXFileReference; fileEncoding = 4; lastKnownFileType = sourcecode.c.objc; path = SDWebImagePrefetcher.m; sourceTree = "<group>"; };
		9F90B9D0224A848300E1BD9E /* UIView+WebCacheOperation.h */ = {isa = PBXFileReference; fileEncoding = 4; lastKnownFileType = sourcecode.c.h; path = "UIView+WebCacheOperation.h"; sourceTree = "<group>"; };
		9F90B9D1224A848300E1BD9E /* SDImageCache.m */ = {isa = PBXFileReference; fileEncoding = 4; lastKnownFileType = sourcecode.c.objc; path = SDImageCache.m; sourceTree = "<group>"; };
		9F90B9D2224A848300E1BD9E /* UIImageView+HighlightedWebCache.h */ = {isa = PBXFileReference; fileEncoding = 4; lastKnownFileType = sourcecode.c.h; path = "UIImageView+HighlightedWebCache.h"; sourceTree = "<group>"; };
		9F90B9D3224A848300E1BD9E /* SDWebImageDownloaderOperation.m */ = {isa = PBXFileReference; fileEncoding = 4; lastKnownFileType = sourcecode.c.objc; path = SDWebImageDownloaderOperation.m; sourceTree = "<group>"; };
		9F90B9D4224A848300E1BD9E /* SDWebImageDecoder.h */ = {isa = PBXFileReference; fileEncoding = 4; lastKnownFileType = sourcecode.c.h; path = SDWebImageDecoder.h; sourceTree = "<group>"; };
		9F90B9D5224A848300E1BD9E /* SDWebImageManager.h */ = {isa = PBXFileReference; fileEncoding = 4; lastKnownFileType = sourcecode.c.h; path = SDWebImageManager.h; sourceTree = "<group>"; };
		9F90B9D6224A848300E1BD9E /* NSData+ImageContentType.m */ = {isa = PBXFileReference; fileEncoding = 4; lastKnownFileType = sourcecode.c.objc; path = "NSData+ImageContentType.m"; sourceTree = "<group>"; };
		9F90B9D7224A848300E1BD9E /* UIImageView+WebCache.m */ = {isa = PBXFileReference; fileEncoding = 4; lastKnownFileType = sourcecode.c.objc; path = "UIImageView+WebCache.m"; sourceTree = "<group>"; };
		9F90B9D8224A848300E1BD9E /* SDWebImageOperation.h */ = {isa = PBXFileReference; fileEncoding = 4; lastKnownFileType = sourcecode.c.h; path = SDWebImageOperation.h; sourceTree = "<group>"; };
		9F90B9D9224A848300E1BD9E /* SDWebImageDownloader.h */ = {isa = PBXFileReference; fileEncoding = 4; lastKnownFileType = sourcecode.c.h; path = SDWebImageDownloader.h; sourceTree = "<group>"; };
		9F90B9DA224A848300E1BD9E /* UIView+WebCacheOperation.m */ = {isa = PBXFileReference; fileEncoding = 4; lastKnownFileType = sourcecode.c.objc; path = "UIView+WebCacheOperation.m"; sourceTree = "<group>"; };
		9F90B9DB224A848300E1BD9E /* SDWebImagePrefetcher.h */ = {isa = PBXFileReference; fileEncoding = 4; lastKnownFileType = sourcecode.c.h; path = SDWebImagePrefetcher.h; sourceTree = "<group>"; };
		9F90B9DC224A848300E1BD9E /* SDWebImageCompat.h */ = {isa = PBXFileReference; fileEncoding = 4; lastKnownFileType = sourcecode.c.h; path = SDWebImageCompat.h; sourceTree = "<group>"; };
		9F90B9DD224A848300E1BD9E /* UIImage+MultiFormat.h */ = {isa = PBXFileReference; fileEncoding = 4; lastKnownFileType = sourcecode.c.h; path = "UIImage+MultiFormat.h"; sourceTree = "<group>"; };
		9F90B9DE224A848300E1BD9E /* UIButton+WebCache.m */ = {isa = PBXFileReference; fileEncoding = 4; lastKnownFileType = sourcecode.c.objc; path = "UIButton+WebCache.m"; sourceTree = "<group>"; };
		9F90B9DF224A848300E1BD9E /* UIImage+GIF.h */ = {isa = PBXFileReference; fileEncoding = 4; lastKnownFileType = sourcecode.c.h; path = "UIImage+GIF.h"; sourceTree = "<group>"; };
		9F90B9F1224A84A800E1BD9E /* Header.h */ = {isa = PBXFileReference; lastKnownFileType = sourcecode.c.h; path = Header.h; sourceTree = "<group>"; };
		9F90B9F2224A84CF00E1BD9E /* Media.xcassets */ = {isa = PBXFileReference; lastKnownFileType = folder.assetcatalog; path = Media.xcassets; sourceTree = "<group>"; };
		9FE4D4482249EC94002FAD92 /* test.app */ = {isa = PBXFileReference; explicitFileType = wrapper.application; includeInIndex = 0; path = test.app; sourceTree = BUILT_PRODUCTS_DIR; };
		9FE4D44B2249EC94002FAD92 /* AppDelegate.swift */ = {isa = PBXFileReference; lastKnownFileType = sourcecode.swift; path = AppDelegate.swift; sourceTree = "<group>"; };
		9FE4D44D2249EC94002FAD92 /* ViewController.swift */ = {isa = PBXFileReference; lastKnownFileType = sourcecode.swift; path = ViewController.swift; sourceTree = "<group>"; };
		9FE4D4502249EC94002FAD92 /* Base */ = {isa = PBXFileReference; lastKnownFileType = file.storyboard; name = Base; path = Base.lproj/Main.storyboard; sourceTree = "<group>"; };
		9FE4D4532249EC94002FAD92 /* test.xcdatamodel */ = {isa = PBXFileReference; lastKnownFileType = wrapper.xcdatamodel; path = test.xcdatamodel; sourceTree = "<group>"; };
		9FE4D4552249EC9A002FAD92 /* Assets.xcassets */ = {isa = PBXFileReference; lastKnownFileType = folder.assetcatalog; path = Assets.xcassets; sourceTree = "<group>"; };
		9FE4D4582249EC9A002FAD92 /* Base */ = {isa = PBXFileReference; lastKnownFileType = file.storyboard; name = Base; path = Base.lproj/LaunchScreen.storyboard; sourceTree = "<group>"; };
		9FE4D45A2249EC9A002FAD92 /* Info.plist */ = {isa = PBXFileReference; lastKnownFileType = text.plist.xml; path = Info.plist; sourceTree = "<group>"; };
		9FE4D45F2249EC9A002FAD92 /* testTests.xctest */ = {isa = PBXFileReference; explicitFileType = wrapper.cfbundle; includeInIndex = 0; path = testTests.xctest; sourceTree = BUILT_PRODUCTS_DIR; };
		9FE4D4632249EC9A002FAD92 /* testTests.swift */ = {isa = PBXFileReference; lastKnownFileType = sourcecode.swift; path = testTests.swift; sourceTree = "<group>"; };
		9FE4D4652249EC9A002FAD92 /* Info.plist */ = {isa = PBXFileReference; lastKnownFileType = text.plist.xml; path = Info.plist; sourceTree = "<group>"; };
		9FE4D46A2249EC9A002FAD92 /* testUITests.xctest */ = {isa = PBXFileReference; explicitFileType = wrapper.cfbundle; includeInIndex = 0; path = testUITests.xctest; sourceTree = BUILT_PRODUCTS_DIR; };
		9FE4D46E2249EC9A002FAD92 /* testUITests.swift */ = {isa = PBXFileReference; lastKnownFileType = sourcecode.swift; path = testUITests.swift; sourceTree = "<group>"; };
		9FE4D4702249EC9A002FAD92 /* Info.plist */ = {isa = PBXFileReference; lastKnownFileType = text.plist.xml; path = Info.plist; sourceTree = "<group>"; };
/* End PBXFileReference section */

/* Begin PBXFrameworksBuildPhase section */
		9FE4D4452249EC94002FAD92 /* Frameworks */ = {
			isa = PBXFrameworksBuildPhase;
			buildActionMask = 2147483647;
			files = (
			);
			runOnlyForDeploymentPostprocessing = 0;
		};
		9FE4D45C2249EC9A002FAD92 /* Frameworks */ = {
			isa = PBXFrameworksBuildPhase;
			buildActionMask = 2147483647;
			files = (
			);
			runOnlyForDeploymentPostprocessing = 0;
		};
		9FE4D4672249EC9A002FAD92 /* Frameworks */ = {
			isa = PBXFrameworksBuildPhase;
			buildActionMask = 2147483647;
			files = (
			);
			runOnlyForDeploymentPostprocessing = 0;
		};
/* End PBXFrameworksBuildPhase section */

/* Begin PBXGroup section */
		9F90B9BE224A848300E1BD9E /* Utils */ = {
			isa = PBXGroup;
			children = (
				9F90B9BF224A848300E1BD9E /* UIConstants.swift */,
				9F90B9C0224A848300E1BD9E /* extensionClass.swift */,
				9F90B9C1224A848300E1BD9E /* Utils.swift */,
				9F90B9C2224A848300E1BD9E /* SDWebImage */,
			);
			path = Utils;
			sourceTree = "<group>";
		};
		9F90B9C2224A848300E1BD9E /* SDWebImage */ = {
			isa = PBXGroup;
			children = (
				9F90B9C3224A848300E1BD9E /* UIImageView+WebCache.h */,
				9F90B9C4224A848300E1BD9E /* NSData+ImageContentType.h */,
				9F90B9C5224A848300E1BD9E /* SDWebImageManager.m */,
				9F90B9C6224A848300E1BD9E /* SDWebImageDecoder.m */,
				9F90B9C7224A848300E1BD9E /* SDWebImageDownloaderOperation.h */,
				9F90B9C8224A848300E1BD9E /* UIImageView+HighlightedWebCache.m */,
				9F90B9C9224A848300E1BD9E /* SDImageCache.h */,
				9F90B9CA224A848300E1BD9E /* SDWebImageDownloader.m */,
				9F90B9CB224A848300E1BD9E /* UIImage+GIF.m */,
				9F90B9CC224A848300E1BD9E /* UIButton+WebCache.h */,
				9F90B9CD224A848300E1BD9E /* UIImage+MultiFormat.m */,
				9F90B9CE224A848300E1BD9E /* SDWebImageCompat.m */,
				9F90B9CF224A848300E1BD9E /* SDWebImagePrefetcher.m */,
				9F90B9D0224A848300E1BD9E /* UIView+WebCacheOperation.h */,
				9F90B9D1224A848300E1BD9E /* SDImageCache.m */,
				9F90B9D2224A848300E1BD9E /* UIImageView+HighlightedWebCache.h */,
				9F90B9D3224A848300E1BD9E /* SDWebImageDownloaderOperation.m */,
				9F90B9D4224A848300E1BD9E /* SDWebImageDecoder.h */,
				9F90B9D5224A848300E1BD9E /* SDWebImageManager.h */,
				9F90B9D6224A848300E1BD9E /* NSData+ImageContentType.m */,
				9F90B9D7224A848300E1BD9E /* UIImageView+WebCache.m */,
				9F90B9D8224A848300E1BD9E /* SDWebImageOperation.h */,
				9F90B9D9224A848300E1BD9E /* SDWebImageDownloader.h */,
				9F90B9DA224A848300E1BD9E /* UIView+WebCacheOperation.m */,
				9F90B9DB224A848300E1BD9E /* SDWebImagePrefetcher.h */,
				9F90B9DC224A848300E1BD9E /* SDWebImageCompat.h */,
				9F90B9DD224A848300E1BD9E /* UIImage+MultiFormat.h */,
				9F90B9DE224A848300E1BD9E /* UIButton+WebCache.m */,
				9F90B9DF224A848300E1BD9E /* UIImage+GIF.h */,
			);
			path = SDWebImage;
			sourceTree = "<group>";
		};
		9F90B9F4224A84E800E1BD9E /* Model */ = {
			isa = PBXGroup;
			children = (
			);
			path = Model;
			sourceTree = "<group>";
		};
		9F90B9F6224A850500E1BD9E /* Controller */ = {
			isa = PBXGroup;
			children = (
				9FE4D44D2249EC94002FAD92 /* ViewController.swift */,
			);
			path = Controller;
			sourceTree = "<group>";
		};
		9F90B9F7224A851200E1BD9E /*  AppDelegate & Stroyboard */ = {
			isa = PBXGroup;
			children = (
				9FE4D44B2249EC94002FAD92 /* AppDelegate.swift */,
				9FE4D44F2249EC94002FAD92 /* Main.storyboard */,
			);
			path = " AppDelegate & Stroyboard";
			sourceTree = "<group>";
		};
		9FE4D43F2249EC94002FAD92 = {
			isa = PBXGroup;
			children = (
				9FE4D44A2249EC94002FAD92 /* test */,
				9FE4D4622249EC9A002FAD92 /* testTests */,
				9FE4D46D2249EC9A002FAD92 /* testUITests */,
				9FE4D4492249EC94002FAD92 /* Products */,
			);
			sourceTree = "<group>";
		};
		9FE4D4492249EC94002FAD92 /* Products */ = {
			isa = PBXGroup;
			children = (
				9FE4D4482249EC94002FAD92 /* test.app */,
				9FE4D45F2249EC9A002FAD92 /* testTests.xctest */,
				9FE4D46A2249EC9A002FAD92 /* testUITests.xctest */,
			);
			name = Products;
			sourceTree = "<group>";
		};
		9FE4D44A2249EC94002FAD92 /* test */ = {
			isa = PBXGroup;
			children = (
				9F90B9F7224A851200E1BD9E /*  AppDelegate & Stroyboard */,
				9F90B9F6224A850500E1BD9E /* Controller */,
				9F90B9F4224A84E800E1BD9E /* Model */,
				9F90B9BE224A848300E1BD9E /* Utils */,
				9FE4D4552249EC9A002FAD92 /* Assets.xcassets */,
				9F90B9F2224A84CF00E1BD9E /* Media.xcassets */,
				9FE4D4572249EC9A002FAD92 /* LaunchScreen.storyboard */,
				9FE4D45A2249EC9A002FAD92 /* Info.plist */,
				9FE4D4522249EC94002FAD92 /* test.xcdatamodeld */,
				9F90B9F1224A84A800E1BD9E /* Header.h */,
			);
			path = test;
			sourceTree = "<group>";
		};
		9FE4D4622249EC9A002FAD92 /* testTests */ = {
			isa = PBXGroup;
			children = (
				9FE4D4632249EC9A002FAD92 /* testTests.swift */,
				9FE4D4652249EC9A002FAD92 /* Info.plist */,
			);
			path = testTests;
			sourceTree = "<group>";
		};
		9FE4D46D2249EC9A002FAD92 /* testUITests */ = {
			isa = PBXGroup;
			children = (
				9FE4D46E2249EC9A002FAD92 /* testUITests.swift */,
				9FE4D4702249EC9A002FAD92 /* Info.plist */,
			);
			path = testUITests;
			sourceTree = "<group>";
		};
/* End PBXGroup section */

/* Begin PBXNativeTarget section */
		9FE4D4472249EC94002FAD92 /* test */ = {
			isa = PBXNativeTarget;
			buildConfigurationList = 9FE4D4732249EC9A002FAD92 /* Build configuration list for PBXNativeTarget "test" */;
			buildPhases = (
				9FE4D4442249EC94002FAD92 /* Sources */,
				9FE4D4452249EC94002FAD92 /* Frameworks */,
				9FE4D4462249EC94002FAD92 /* Resources */,
			);
			buildRules = (
			);
			dependencies = (
			);
			name = test;
			productName = test;
			productReference = 9FE4D4482249EC94002FAD92 /* test.app */;
			productType = "com.apple.product-type.application";
		};
		9FE4D45E2249EC9A002FAD92 /* testTests */ = {
			isa = PBXNativeTarget;
			buildConfigurationList = 9FE4D4762249EC9A002FAD92 /* Build configuration list for PBXNativeTarget "testTests" */;
			buildPhases = (
				9FE4D45B2249EC9A002FAD92 /* Sources */,
				9FE4D45C2249EC9A002FAD92 /* Frameworks */,
				9FE4D45D2249EC9A002FAD92 /* Resources */,
			);
			buildRules = (
			);
			dependencies = (
				9FE4D4612249EC9A002FAD92 /* PBXTargetDependency */,
			);
			name = testTests;
			productName = testTests;
			productReference = 9FE4D45F2249EC9A002FAD92 /* testTests.xctest */;
			productType = "com.apple.product-type.bundle.unit-test";
		};
		9FE4D4692249EC9A002FAD92 /* testUITests */ = {
			isa = PBXNativeTarget;
			buildConfigurationList = 9FE4D4792249EC9A002FAD92 /* Build configuration list for PBXNativeTarget "testUITests" */;
			buildPhases = (
				9FE4D4662249EC9A002FAD92 /* Sources */,
				9FE4D4672249EC9A002FAD92 /* Frameworks */,
				9FE4D4682249EC9A002FAD92 /* Resources */,
			);
			buildRules = (
			);
			dependencies = (
				9FE4D46C2249EC9A002FAD92 /* PBXTargetDependency */,
			);
			name = testUITests;
			productName = testUITests;
			productReference = 9FE4D46A2249EC9A002FAD92 /* testUITests.xctest */;
			productType = "com.apple.product-type.bundle.ui-testing";
		};
/* End PBXNativeTarget section */

/* Begin PBXProject section */
		9FE4D4402249EC94002FAD92 /* Project object */ = {
			isa = PBXProject;
			attributes = {
				LastSwiftUpdateCheck = 1000;
				LastUpgradeCheck = 1000;
				ORGANIZATIONNAME = test;
				TargetAttributes = {
					9FE4D4472249EC94002FAD92 = {
						CreatedOnToolsVersion = 10.0;
					};
					9FE4D45E2249EC9A002FAD92 = {
						CreatedOnToolsVersion = 10.0;
						TestTargetID = 9FE4D4472249EC94002FAD92;
					};
					9FE4D4692249EC9A002FAD92 = {
						CreatedOnToolsVersion = 10.0;
						TestTargetID = 9FE4D4472249EC94002FAD92;
					};
				};
			};
			buildConfigurationList = 9FE4D4432249EC94002FAD92 /* Build configuration list for PBXProject "test" */;
			compatibilityVersion = "Xcode 9.3";
			developmentRegion = en;
			hasScannedForEncodings = 0;
			knownRegions = (
				en,
				Base,
			);
			mainGroup = 9FE4D43F2249EC94002FAD92;
			productRefGroup = 9FE4D4492249EC94002FAD92 /* Products */;
			projectDirPath = "";
			projectRoot = "";
			targets = (
				9FE4D4472249EC94002FAD92 /* test */,
				9FE4D45E2249EC9A002FAD92 /* testTests */,
				9FE4D4692249EC9A002FAD92 /* testUITests */,
			);
		};
/* End PBXProject section */

/* Begin PBXResourcesBuildPhase section */
		9FE4D4462249EC94002FAD92 /* Resources */ = {
			isa = PBXResourcesBuildPhase;
			buildActionMask = 2147483647;
			files = (
				9FE4D4592249EC9A002FAD92 /* LaunchScreen.storyboard in Resources */,
				9FE4D4562249EC9A002FAD92 /* Assets.xcassets in Resources */,
				9F90B9F3224A84CF00E1BD9E /* Media.xcassets in Resources */,
				9FE4D4512249EC94002FAD92 /* Main.storyboard in Resources */,
			);
			runOnlyForDeploymentPostprocessing = 0;
		};
		9FE4D45D2249EC9A002FAD92 /* Resources */ = {
			isa = PBXResourcesBuildPhase;
			buildActionMask = 2147483647;
			files = (
			);
			runOnlyForDeploymentPostprocessing = 0;
		};
		9FE4D4682249EC9A002FAD92 /* Resources */ = {
			isa = PBXResourcesBuildPhase;
			buildActionMask = 2147483647;
			files = (
			);
			runOnlyForDeploymentPostprocessing = 0;
		};
/* End PBXResourcesBuildPhase section */

/* Begin PBXSourcesBuildPhase section */
		9FE4D4442249EC94002FAD92 /* Sources */ = {
			isa = PBXSourcesBuildPhase;
			buildActionMask = 2147483647;
			files = (
				9F90B9E7224A848400E1BD9E /* UIImage+GIF.m in Sources */,
				9F90B9EA224A848400E1BD9E /* SDWebImagePrefetcher.m in Sources */,
				9F90B9EC224A848400E1BD9E /* SDWebImageDownloaderOperation.m in Sources */,
				9F90B9E5224A848400E1BD9E /* UIImageView+HighlightedWebCache.m in Sources */,
				9FE4D44E2249EC94002FAD92 /* ViewController.swift in Sources */,
				9F90B9EF224A848400E1BD9E /* UIView+WebCacheOperation.m in Sources */,
				9F90B9EB224A848400E1BD9E /* SDImageCache.m in Sources */,
				9F90B9E3224A848300E1BD9E /* SDWebImageManager.m in Sources */,
				9F90B9E9224A848400E1BD9E /* SDWebImageCompat.m in Sources */,
				9F90B9E8224A848400E1BD9E /* UIImage+MultiFormat.m in Sources */,
				9F90B9ED224A848400E1BD9E /* NSData+ImageContentType.m in Sources */,
				9FE4D44C2249EC94002FAD92 /* AppDelegate.swift in Sources */,
				9F90B9E6224A848400E1BD9E /* SDWebImageDownloader.m in Sources */,
				9FE4D4542249EC94002FAD92 /* test.xcdatamodeld in Sources */,
				9F90B9E4224A848300E1BD9E /* SDWebImageDecoder.m in Sources */,
				9F90B9EE224A848400E1BD9E /* UIImageView+WebCache.m in Sources */,
				9F90B9E0224A848300E1BD9E /* UIConstants.swift in Sources */,
				9F90B9F0224A848400E1BD9E /* UIButton+WebCache.m in Sources */,
				9F90B9E1224A848300E1BD9E /* extensionClass.swift in Sources */,
				9F90B9E2224A848300E1BD9E /* Utils.swift in Sources */,
			);
			runOnlyForDeploymentPostprocessing = 0;
		};
		9FE4D45B2249EC9A002FAD92 /* Sources */ = {
			isa = PBXSourcesBuildPhase;
			buildActionMask = 2147483647;
			files = (
				9FE4D4642249EC9A002FAD92 /* testTests.swift in Sources */,
			);
			runOnlyForDeploymentPostprocessing = 0;
		};
		9FE4D4662249EC9A002FAD92 /* Sources */ = {
			isa = PBXSourcesBuildPhase;
			buildActionMask = 2147483647;
			files = (
				9FE4D46F2249EC9A002FAD92 /* testUITests.swift in Sources */,
			);
			runOnlyForDeploymentPostprocessing = 0;
		};
/* End PBXSourcesBuildPhase section */

/* Begin PBXTargetDependency section */
		9FE4D4612249EC9A002FAD92 /* PBXTargetDependency */ = {
			isa = PBXTargetDependency;
			target = 9FE4D4472249EC94002FAD92 /* test */;
			targetProxy = 9FE4D4602249EC9A002FAD92 /* PBXContainerItemProxy */;
		};
		9FE4D46C2249EC9A002FAD92 /* PBXTargetDependency */ = {
			isa = PBXTargetDependency;
			target = 9FE4D4472249EC94002FAD92 /* test */;
			targetProxy = 9FE4D46B2249EC9A002FAD92 /* PBXContainerItemProxy */;
		};
/* End PBXTargetDependency section */

/* Begin PBXVariantGroup section */
		9FE4D44F2249EC94002FAD92 /* Main.storyboard */ = {
			isa = PBXVariantGroup;
			children = (
				9FE4D4502249EC94002FAD92 /* Base */,
			);
			name = Main.storyboard;
			sourceTree = "<group>";
		};
		9FE4D4572249EC9A002FAD92 /* LaunchScreen.storyboard */ = {
			isa = PBXVariantGroup;
			children = (
				9FE4D4582249EC9A002FAD92 /* Base */,
			);
			name = LaunchScreen.storyboard;
			sourceTree = "<group>";
		};
/* End PBXVariantGroup section */

/* Begin XCBuildConfiguration section */
		9FE4D4712249EC9A002FAD92 /* Debug */ = {
			isa = XCBuildConfiguration;
			buildSettings = {
				ALWAYS_SEARCH_USER_PATHS = NO;
				CLANG_ANALYZER_NONNULL = YES;
				CLANG_ANALYZER_NUMBER_OBJECT_CONVERSION = YES_AGGRESSIVE;
				CLANG_CXX_LANGUAGE_STANDARD = "gnu++14";
				CLANG_CXX_LIBRARY = "libc++";
				CLANG_ENABLE_MODULES = YES;
				CLANG_ENABLE_OBJC_ARC = YES;
				CLANG_ENABLE_OBJC_WEAK = YES;
				CLANG_WARN_BLOCK_CAPTURE_AUTORELEASING = YES;
				CLANG_WARN_BOOL_CONVERSION = YES;
				CLANG_WARN_COMMA = YES;
				CLANG_WARN_CONSTANT_CONVERSION = YES;
				CLANG_WARN_DEPRECATED_OBJC_IMPLEMENTATIONS = YES;
				CLANG_WARN_DIRECT_OBJC_ISA_USAGE = YES_ERROR;
				CLANG_WARN_DOCUMENTATION_COMMENTS = YES;
				CLANG_WARN_EMPTY_BODY = YES;
				CLANG_WARN_ENUM_CONVERSION = YES;
				CLANG_WARN_INFINITE_RECURSION = YES;
				CLANG_WARN_INT_CONVERSION = YES;
				CLANG_WARN_NON_LITERAL_NULL_CONVERSION = YES;
				CLANG_WARN_OBJC_IMPLICIT_RETAIN_SELF = YES;
				CLANG_WARN_OBJC_LITERAL_CONVERSION = YES;
				CLANG_WARN_OBJC_ROOT_CLASS = YES_ERROR;
				CLANG_WARN_RANGE_LOOP_ANALYSIS = YES;
				CLANG_WARN_STRICT_PROTOTYPES = YES;
				CLANG_WARN_SUSPICIOUS_MOVE = YES;
				CLANG_WARN_UNGUARDED_AVAILABILITY = YES_AGGRESSIVE;
				CLANG_WARN_UNREACHABLE_CODE = YES;
				CLANG_WARN__DUPLICATE_METHOD_MATCH = YES;
				CODE_SIGN_IDENTITY = "iPhone Developer";
				COPY_PHASE_STRIP = NO;
				DEBUG_INFORMATION_FORMAT = dwarf;
				ENABLE_STRICT_OBJC_MSGSEND = YES;
				ENABLE_TESTABILITY = YES;
				GCC_C_LANGUAGE_STANDARD = gnu11;
				GCC_DYNAMIC_NO_PIC = NO;
				GCC_NO_COMMON_BLOCKS = YES;
				GCC_OPTIMIZATION_LEVEL = 0;
				GCC_PREPROCESSOR_DEFINITIONS = (
					"DEBUG=1",
					"$(inherited)",
				);
				GCC_WARN_64_TO_32_BIT_CONVERSION = YES;
				GCC_WARN_ABOUT_RETURN_TYPE = YES_ERROR;
				GCC_WARN_UNDECLARED_SELECTOR = YES;
				GCC_WARN_UNINITIALIZED_AUTOS = YES_AGGRESSIVE;
				GCC_WARN_UNUSED_FUNCTION = YES;
				GCC_WARN_UNUSED_VARIABLE = YES;
				IPHONEOS_DEPLOYMENT_TARGET = 12.0;
				MTL_ENABLE_DEBUG_INFO = INCLUDE_SOURCE;
				MTL_FAST_MATH = YES;
				ONLY_ACTIVE_ARCH = YES;
				SDKROOT = iphoneos;
				SWIFT_ACTIVE_COMPILATION_CONDITIONS = DEBUG;
				SWIFT_OPTIMIZATION_LEVEL = "-Onone";
			};
			name = Debug;
		};
		9FE4D4722249EC9A002FAD92 /* Release */ = {
			isa = XCBuildConfiguration;
			buildSettings = {
				ALWAYS_SEARCH_USER_PATHS = NO;
				CLANG_ANALYZER_NONNULL = YES;
				CLANG_ANALYZER_NUMBER_OBJECT_CONVERSION = YES_AGGRESSIVE;
				CLANG_CXX_LANGUAGE_STANDARD = "gnu++14";
				CLANG_CXX_LIBRARY = "libc++";
				CLANG_ENABLE_MODULES = YES;
				CLANG_ENABLE_OBJC_ARC = YES;
				CLANG_ENABLE_OBJC_WEAK = YES;
				CLANG_WARN_BLOCK_CAPTURE_AUTORELEASING = YES;
				CLANG_WARN_BOOL_CONVERSION = YES;
				CLANG_WARN_COMMA = YES;
				CLANG_WARN_CONSTANT_CONVERSION = YES;
				CLANG_WARN_DEPRECATED_OBJC_IMPLEMENTATIONS = YES;
				CLANG_WARN_DIRECT_OBJC_ISA_USAGE = YES_ERROR;
				CLANG_WARN_DOCUMENTATION_COMMENTS = YES;
				CLANG_WARN_EMPTY_BODY = YES;
				CLANG_WARN_ENUM_CONVERSION = YES;
				CLANG_WARN_INFINITE_RECURSION = YES;
				CLANG_WARN_INT_CONVERSION = YES;
				CLANG_WARN_NON_LITERAL_NULL_CONVERSION = YES;
				CLANG_WARN_OBJC_IMPLICIT_RETAIN_SELF = YES;
				CLANG_WARN_OBJC_LITERAL_CONVERSION = YES;
				CLANG_WARN_OBJC_ROOT_CLASS = YES_ERROR;
				CLANG_WARN_RANGE_LOOP_ANALYSIS = YES;
				CLANG_WARN_STRICT_PROTOTYPES = YES;
				CLANG_WARN_SUSPICIOUS_MOVE = YES;
				CLANG_WARN_UNGUARDED_AVAILABILITY = YES_AGGRESSIVE;
				CLANG_WARN_UNREACHABLE_CODE = YES;
				CLANG_WARN__DUPLICATE_METHOD_MATCH = YES;
				CODE_SIGN_IDENTITY = "iPhone Developer";
				COPY_PHASE_STRIP = NO;
				DEBUG_INFORMATION_FORMAT = "dwarf-with-dsym";
				ENABLE_NS_ASSERTIONS = NO;
				ENABLE_STRICT_OBJC_MSGSEND = YES;
				GCC_C_LANGUAGE_STANDARD = gnu11;
				GCC_NO_COMMON_BLOCKS = YES;
				GCC_WARN_64_TO_32_BIT_CONVERSION = YES;
				GCC_WARN_ABOUT_RETURN_TYPE = YES_ERROR;
				GCC_WARN_UNDECLARED_SELECTOR = YES;
				GCC_WARN_UNINITIALIZED_AUTOS = YES_AGGRESSIVE;
				GCC_WARN_UNUSED_FUNCTION = YES;
				GCC_WARN_UNUSED_VARIABLE = YES;
				IPHONEOS_DEPLOYMENT_TARGET = 12.0;
				MTL_ENABLE_DEBUG_INFO = NO;
				MTL_FAST_MATH = YES;
				SDKROOT = iphoneos;
				SWIFT_COMPILATION_MODE = wholemodule;
				SWIFT_OPTIMIZATION_LEVEL = "-O";
				VALIDATE_PRODUCT = YES;
			};
			name = Release;
		};
		9FE4D4742249EC9A002FAD92 /* Debug */ = {
			isa = XCBuildConfiguration;
			buildSettings = {
				ASSETCATALOG_COMPILER_APPICON_NAME = AppIcon;
				CODE_SIGN_STYLE = Automatic;
				INFOPLIST_FILE = test/Info.plist;
				LD_RUNPATH_SEARCH_PATHS = (
					"$(inherited)",
					"@executable_path/Frameworks",
				);
				PRODUCT_BUNDLE_IDENTIFIER = com.test.test;
				PRODUCT_NAME = "$(TARGET_NAME)";
				SWIFT_OBJC_BRIDGING_HEADER = test/Header.h;
				SWIFT_VERSION = 4.2;
				TARGETED_DEVICE_FAMILY = "1,2";
			};
			name = Debug;
		};
		9FE4D4752249EC9A002FAD92 /* Release */ = {
			isa = XCBuildConfiguration;
			buildSettings = {
				ASSETCATALOG_COMPILER_APPICON_NAME = AppIcon;
				CODE_SIGN_STYLE = Automatic;
				INFOPLIST_FILE = test/Info.plist;
				LD_RUNPATH_SEARCH_PATHS = (
					"$(inherited)",
					"@executable_path/Frameworks",
				);
				PRODUCT_BUNDLE_IDENTIFIER = com.test.test;
				PRODUCT_NAME = "$(TARGET_NAME)";
				SWIFT_OBJC_BRIDGING_HEADER = test/Header.h;
				SWIFT_VERSION = 4.2;
				TARGETED_DEVICE_FAMILY = "1,2";
			};
			name = Release;
		};
		9FE4D4772249EC9A002FAD92 /* Debug */ = {
			isa = XCBuildConfiguration;
			buildSettings = {
				ALWAYS_EMBED_SWIFT_STANDARD_LIBRARIES = YES;
				BUNDLE_LOADER = "$(TEST_HOST)";
				CODE_SIGN_STYLE = Automatic;
				INFOPLIST_FILE = testTests/Info.plist;
				LD_RUNPATH_SEARCH_PATHS = (
					"$(inherited)",
					"@executable_path/Frameworks",
					"@loader_path/Frameworks",
				);
				PRODUCT_BUNDLE_IDENTIFIER = com.test.testTests;
				PRODUCT_NAME = "$(TARGET_NAME)";
				SWIFT_VERSION = 4.2;
				TARGETED_DEVICE_FAMILY = "1,2";
				TEST_HOST = "$(BUILT_PRODUCTS_DIR)/test.app/test";
			};
			name = Debug;
		};
		9FE4D4782249EC9A002FAD92 /* Release */ = {
			isa = XCBuildConfiguration;
			buildSettings = {
				ALWAYS_EMBED_SWIFT_STANDARD_LIBRARIES = YES;
				BUNDLE_LOADER = "$(TEST_HOST)";
				CODE_SIGN_STYLE = Automatic;
				INFOPLIST_FILE = testTests/Info.plist;
				LD_RUNPATH_SEARCH_PATHS = (
					"$(inherited)",
					"@executable_path/Frameworks",
					"@loader_path/Frameworks",
				);
				PRODUCT_BUNDLE_IDENTIFIER = com.test.testTests;
				PRODUCT_NAME = "$(TARGET_NAME)";
				SWIFT_VERSION = 4.2;
				TARGETED_DEVICE_FAMILY = "1,2";
				TEST_HOST = "$(BUILT_PRODUCTS_DIR)/test.app/test";
			};
			name = Release;
		};
		9FE4D47A2249EC9A002FAD92 /* Debug */ = {
			isa = XCBuildConfiguration;
			buildSettings = {
				ALWAYS_EMBED_SWIFT_STANDARD_LIBRARIES = YES;
				CODE_SIGN_STYLE = Automatic;
				INFOPLIST_FILE = testUITests/Info.plist;
				LD_RUNPATH_SEARCH_PATHS = (
					"$(inherited)",
					"@executable_path/Frameworks",
					"@loader_path/Frameworks",
				);
				PRODUCT_BUNDLE_IDENTIFIER = com.test.testUITests;
				PRODUCT_NAME = "$(TARGET_NAME)";
				SWIFT_VERSION = 4.2;
				TARGETED_DEVICE_FAMILY = "1,2";
				TEST_TARGET_NAME = test;
			};
			name = Debug;
		};
		9FE4D47B2249EC9A002FAD92 /* Release */ = {
			isa = XCBuildConfiguration;
			buildSettings = {
				ALWAYS_EMBED_SWIFT_STANDARD_LIBRARIES = YES;
				CODE_SIGN_STYLE = Automatic;
				INFOPLIST_FILE = testUITests/Info.plist;
				LD_RUNPATH_SEARCH_PATHS = (
					"$(inherited)",
					"@executable_path/Frameworks",
					"@loader_path/Frameworks",
				);
				PRODUCT_BUNDLE_IDENTIFIER = com.test.testUITests;
				PRODUCT_NAME = "$(TARGET_NAME)";
				SWIFT_VERSION = 4.2;
				TARGETED_DEVICE_FAMILY = "1,2";
				TEST_TARGET_NAME = test;
			};
			name = Release;
		};
/* End XCBuildConfiguration section */

/* Begin XCConfigurationList section */
		9FE4D4432249EC94002FAD92 /* Build configuration list for PBXProject "test" */ = {
			isa = XCConfigurationList;
			buildConfigurations = (
				9FE4D4712249EC9A002FAD92 /* Debug */,
				9FE4D4722249EC9A002FAD92 /* Release */,
			);
			defaultConfigurationIsVisible = 0;
			defaultConfigurationName = Release;
		};
		9FE4D4732249EC9A002FAD92 /* Build configuration list for PBXNativeTarget "test" */ = {
			isa = XCConfigurationList;
			buildConfigurations = (
				9FE4D4742249EC9A002FAD92 /* Debug */,
				9FE4D4752249EC9A002FAD92 /* Release */,
			);
			defaultConfigurationIsVisible = 0;
			defaultConfigurationName = Release;
		};
		9FE4D4762249EC9A002FAD92 /* Build configuration list for PBXNativeTarget "testTests" */ = {
			isa = XCConfigurationList;
			buildConfigurations = (
				9FE4D4772249EC9A002FAD92 /* Debug */,
				9FE4D4782249EC9A002FAD92 /* Release */,
			);
			defaultConfigurationIsVisible = 0;
			defaultConfigurationName = Release;
		};
		9FE4D4792249EC9A002FAD92 /* Build configuration list for PBXNativeTarget "testUITests" */ = {
			isa = XCConfigurationList;
			buildConfigurations = (
				9FE4D47A2249EC9A002FAD92 /* Debug */,
				9FE4D47B2249EC9A002FAD92 /* Release */,
			);
			defaultConfigurationIsVisible = 0;
			defaultConfigurationName = Release;
		};
/* End XCConfigurationList section */

/* Begin XCVersionGroup section */
		9FE4D4522249EC94002FAD92 /* test.xcdatamodeld */ = {
			isa = XCVersionGroup;
			children = (
				9FE4D4532249EC94002FAD92 /* test.xcdatamodel */,
			);
			currentVersion = 9FE4D4532249EC94002FAD92 /* test.xcdatamodel */;
			path = test.xcdatamodeld;
			sourceTree = "<group>";
			versionGroupType = wrapper.xcdatamodel;
		};
/* End XCVersionGroup section */
	};
	rootObject = 9FE4D4402249EC94002FAD92 /* Project object */;
}
